
Microsoft Visual Studio Solution File, Format Version 12.00
# Visual Studio Version 16
VisualStudioVersion = 16.0.29519.87
MinimumVisualStudioVersion = 10.0.40219.1
Project("{FAE04EC0-301F-11D3-BF4B-00C04F79EFBC}") = "Lesson 1.1", "Lesson 1.1\Lesson 1.1.csproj", "{70CAD0E5-AD26-4683-A3F7-AD47D38A3D02}"
EndProject
Project("{FAE04EC0-301F-11D3-BF4B-00C04F79EFBC}") = "Lesson 1.2", "Lesson 1.2\Lesson 1.2.csproj", "{5F51CD14-D5DD-47D3-A665-EFD906A9762F}"
EndProject
Project("{FAE04EC0-301F-11D3-BF4B-00C04F79EFBC}") = "Lesson 1.3", "Lesson 1.3\Lesson 1.3.csproj", "{BF39DCC7-DA50-4351-A6B5-A00762AF164C}"
EndProject
Project("{FAE04EC0-301F-11D3-BF4B-00C04F79EFBC}") = "Lesson 1.4", "Lesson 1.4\Lesson 1.4.csproj", "{40C970BF-B9C2-4824-9B60-97D1C182A2B5}"
EndProject
Project("{FAE04EC0-301F-11D3-BF4B-00C04F79EFBC}") = "Lesson 2.1", "Lesson 2.1\Lesson 2.1.csproj", "{84FBC48E-673F-4C92-B924-9F42401D7779}"
EndProject
Project("{FAE04EC0-301F-11D3-BF4B-00C04F79EFBC}") = "Lesson 2.2", "Lesson 2.2\Lesson 2.2.csproj", "{45902A58-634F-449C-BE7C-824FA983BD19}"
EndProject
Project("{FAE04EC0-301F-11D3-BF4B-00C04F79EFBC}") = "Lesson 2.3", "Lesson 2.3\Lesson 2.3.csproj", "{7F57728E-7B98-486E-9BDF-C4D0DDB13165}"
EndProject
Project("{FAE04EC0-301F-11D3-BF4B-00C04F79EFBC}") = "Lesson 2.4", "Lesson 2.4\Lesson 2.4.csproj", "{E89AFE1F-2504-46AE-8D48-0E048D98DEB0}"
EndProject
Project("{FAE04EC0-301F-11D3-BF4B-00C04F79EFBC}") = "Lesson 3.1", "Lesson 3.1\Lesson 3.1.csproj", "{779DDF12-3333-4CFB-83B1-37CF51DCF169}"
EndProject
Project("{FAE04EC0-301F-11D3-BF4B-00C04F79EFBC}") = "Lesson 3.2", "Lesson 3.2\Lesson 3.2.csproj", "{78237DD3-1F0B-4D4E-96F1-2B84F26C3EDF}"
EndProject
Project("{FAE04EC0-301F-11D3-BF4B-00C04F79EFBC}") = "Lesson 3.3", "Lesson 3.3\Lesson 3.3.csproj", "{D360545E-FA99-4F3D-8A39-9A671165811A}"
EndProject
Project("{FAE04EC0-301F-11D3-BF4B-00C04F79EFBC}") = "Lesson 3.4", "Lesson 3.4\Lesson 3.4.csproj", "{3EB3CFF7-3011-40E1-8C6F-97AF9F15CD68}"
EndProject
Project("{FAE04EC0-301F-11D3-BF4B-00C04F79EFBC}") = "Lesson 4.1", "Lesson 4.1\Lesson 4.1.csproj", "{8DCCAA94-D7D5-4173-843E-CD67196EE616}"
EndProject
Project("{FAE04EC0-301F-11D3-BF4B-00C04F79EFBC}") = "Lesson 4.2", "Lesson 4.2\Lesson 4.2.csproj", "{C95D6C8F-D5D7-4427-A1B4-F5CBD5CA82B5}"
EndProject
Project("{FAE04EC0-301F-11D3-BF4B-00C04F79EFBC}") = "Lesson 4.3", "Lesson 4.3\Lesson 4.3.csproj", "{A470A348-1F8A-45B1-AAAC-26C659AB2DB0}"
EndProject
Project("{FAE04EC0-301F-11D3-BF4B-00C04F79EFBC}") = "Lesson 5.1", "Lesson 5.1\Lesson 5.1.csproj", "{70C06238-A78F-4C94-9048-84E83369B346}"
EndProject
Project("{FAE04EC0-301F-11D3-BF4B-00C04F79EFBC}") = "Lesson 5.2", "Lesson 5.2\Lesson 5.2.csproj", "{50C570D0-FC4E-4E29-8F1E-559E4FA33776}"
EndProject
Project("{FAE04EC0-301F-11D3-BF4B-00C04F79EFBC}") = "Lesson 5.3", "Lesson 5.3\Lesson 5.3.csproj", "{E23CB235-C367-4187-A971-F1C19141E8A2}"
EndProject
Project("{FAE04EC0-301F-11D3-BF4B-00C04F79EFBC}") = "Lesson 5.4", "Lesson 5.4\Lesson 5.4.csproj", "{999C9F61-3384-4421-A095-D39AF7C08732}"
EndProject
Project("{FAE04EC0-301F-11D3-BF4B-00C04F79EFBC}") = "Lesson 6.1", "Lesson 6.1\Lesson 6.1.csproj", "{77EBA5AF-A3C9-4B2B-BF4C-7B095CF149D8}"
EndProject
Project("{FAE04EC0-301F-11D3-BF4B-00C04F79EFBC}") = "Lesson 6.2", "Lesson 6.2\Lesson 6.2.csproj", "{A2E65FF3-488D-42DA-8EC9-C0269AEB19E3}"
EndProject
Project("{FAE04EC0-301F-11D3-BF4B-00C04F79EFBC}") = "SoftServe", "SoftServe\SoftServe.csproj", "{FF3FE164-2D14-4296-976A-AF863A9BAF9D}"
EndProject
Project("{FAE04EC0-301F-11D3-BF4B-00C04F79EFBC}") = "Lesson 6.3", "Lesson 6.3\Lesson 6.3.csproj", "{46847C65-A583-440F-BEA1-CB955F5EC241}"
EndProject
Project("{FAE04EC0-301F-11D3-BF4B-00C04F79EFBC}") = "Lesson 6.4", "Lesson 6.4\Lesson 6.4.csproj", "{A7470D3E-84E2-4033-AF00-75C69B5B0DC2}"
EndProject
Project("{FAE04EC0-301F-11D3-BF4B-00C04F79EFBC}") = "Lesson 7.1", "Lesson 7.1\Lesson 7.1.csproj", "{02AC9106-A5D4-4AAC-AE1A-4244A048821A}"
EndProject
Project("{FAE04EC0-301F-11D3-BF4B-00C04F79EFBC}") = "Lesson 7.2", "Lesson 7.2\Lesson 7.2.csproj", "{96EA4F1D-9E87-45E0-A3E6-228A29D09C3F}"
EndProject
Project("{FAE04EC0-301F-11D3-BF4B-00C04F79EFBC}") = "Lesson 7.3", "Lesson 7.3\Lesson 7.3.csproj", "{9C657BBB-13A1-497A-97C1-B351656B950D}"
EndProject
Project("{FAE04EC0-301F-11D3-BF4B-00C04F79EFBC}") = "Lesson 8.1", "Lesson 8.1\Lesson 8.1.csproj", "{7B322A67-A344-4DE2-96EF-18C3F560C36D}"
EndProject
Project("{FAE04EC0-301F-11D3-BF4B-00C04F79EFBC}") = "Lesson 8.2", "Lesson 8.2\Lesson 8.2.csproj", "{79E67FAB-EAC4-40EB-A3E7-4C53850FFC5E}"
EndProject
Project("{FAE04EC0-301F-11D3-BF4B-00C04F79EFBC}") = "Lesson 8.3", "Lesson 8.3\Lesson 8.3.csproj", "{025E2B07-488F-4EC5-82FB-5AAFEDFF56F8}"
EndProject
Project("{FAE04EC0-301F-11D3-BF4B-00C04F79EFBC}") = "TestTry", "TestTry\TestTry.csproj", "{49135068-15F3-4F82-9A39-75582335C417}"
EndProject
Project("{FAE04EC0-301F-11D3-BF4B-00C04F79EFBC}") = "Lesson 9.1", "Lesson 9.1\Lesson 9.1.csproj", "{0A91F6DB-F30E-4B21-B06E-1CA3151E5CE8}"
EndProject
Project("{FAE04EC0-301F-11D3-BF4B-00C04F79EFBC}") = "Lesson 9.2", "Lesson 9.2\Lesson 9.2.csproj", "{E5462B4E-1F48-4E5E-93E9-70A1ECF3146D}"
EndProject
Project("{FAE04EC0-301F-11D3-BF4B-00C04F79EFBC}") = "Lesson 9.3", "Lesson 9.3\Lesson 9.3.csproj", "{D6196902-106F-4B6C-8FDB-D3528A441F35}"
EndProject
Project("{FAE04EC0-301F-11D3-BF4B-00C04F79EFBC}") = "Lesson 10.1", "Lesson 10.1\Lesson 10.1.csproj", "{3EB9CADE-88CD-4443-8237-28048657313F}"
EndProject
Project("{FAE04EC0-301F-11D3-BF4B-00C04F79EFBC}") = "Lesson 10.2", "Lesson 10.2\Lesson 10.2.csproj", "{22CFC219-0ED1-4B51-A75E-85475C1850CD}"
EndProject
Global
	GlobalSection(SolutionConfigurationPlatforms) = preSolution
		Debug|Any CPU = Debug|Any CPU
		Release|Any CPU = Release|Any CPU
	EndGlobalSection
	GlobalSection(ProjectConfigurationPlatforms) = postSolution
		{70CAD0E5-AD26-4683-A3F7-AD47D38A3D02}.Debug|Any CPU.ActiveCfg = Debug|Any CPU
		{70CAD0E5-AD26-4683-A3F7-AD47D38A3D02}.Debug|Any CPU.Build.0 = Debug|Any CPU
		{70CAD0E5-AD26-4683-A3F7-AD47D38A3D02}.Release|Any CPU.ActiveCfg = Release|Any CPU
		{70CAD0E5-AD26-4683-A3F7-AD47D38A3D02}.Release|Any CPU.Build.0 = Release|Any CPU
		{5F51CD14-D5DD-47D3-A665-EFD906A9762F}.Debug|Any CPU.ActiveCfg = Debug|Any CPU
		{5F51CD14-D5DD-47D3-A665-EFD906A9762F}.Debug|Any CPU.Build.0 = Debug|Any CPU
		{5F51CD14-D5DD-47D3-A665-EFD906A9762F}.Release|Any CPU.ActiveCfg = Release|Any CPU
		{5F51CD14-D5DD-47D3-A665-EFD906A9762F}.Release|Any CPU.Build.0 = Release|Any CPU
		{BF39DCC7-DA50-4351-A6B5-A00762AF164C}.Debug|Any CPU.ActiveCfg = Debug|Any CPU
		{BF39DCC7-DA50-4351-A6B5-A00762AF164C}.Debug|Any CPU.Build.0 = Debug|Any CPU
		{BF39DCC7-DA50-4351-A6B5-A00762AF164C}.Release|Any CPU.ActiveCfg = Release|Any CPU
		{BF39DCC7-DA50-4351-A6B5-A00762AF164C}.Release|Any CPU.Build.0 = Release|Any CPU
		{40C970BF-B9C2-4824-9B60-97D1C182A2B5}.Debug|Any CPU.ActiveCfg = Debug|Any CPU
		{40C970BF-B9C2-4824-9B60-97D1C182A2B5}.Debug|Any CPU.Build.0 = Debug|Any CPU
		{40C970BF-B9C2-4824-9B60-97D1C182A2B5}.Release|Any CPU.ActiveCfg = Release|Any CPU
		{40C970BF-B9C2-4824-9B60-97D1C182A2B5}.Release|Any CPU.Build.0 = Release|Any CPU
		{84FBC48E-673F-4C92-B924-9F42401D7779}.Debug|Any CPU.ActiveCfg = Debug|Any CPU
		{84FBC48E-673F-4C92-B924-9F42401D7779}.Debug|Any CPU.Build.0 = Debug|Any CPU
		{84FBC48E-673F-4C92-B924-9F42401D7779}.Release|Any CPU.ActiveCfg = Release|Any CPU
		{84FBC48E-673F-4C92-B924-9F42401D7779}.Release|Any CPU.Build.0 = Release|Any CPU
		{45902A58-634F-449C-BE7C-824FA983BD19}.Debug|Any CPU.ActiveCfg = Debug|Any CPU
		{45902A58-634F-449C-BE7C-824FA983BD19}.Debug|Any CPU.Build.0 = Debug|Any CPU
		{45902A58-634F-449C-BE7C-824FA983BD19}.Release|Any CPU.ActiveCfg = Release|Any CPU
		{45902A58-634F-449C-BE7C-824FA983BD19}.Release|Any CPU.Build.0 = Release|Any CPU
		{7F57728E-7B98-486E-9BDF-C4D0DDB13165}.Debug|Any CPU.ActiveCfg = Debug|Any CPU
		{7F57728E-7B98-486E-9BDF-C4D0DDB13165}.Debug|Any CPU.Build.0 = Debug|Any CPU
		{7F57728E-7B98-486E-9BDF-C4D0DDB13165}.Release|Any CPU.ActiveCfg = Release|Any CPU
		{7F57728E-7B98-486E-9BDF-C4D0DDB13165}.Release|Any CPU.Build.0 = Release|Any CPU
		{E89AFE1F-2504-46AE-8D48-0E048D98DEB0}.Debug|Any CPU.ActiveCfg = Debug|Any CPU
		{E89AFE1F-2504-46AE-8D48-0E048D98DEB0}.Debug|Any CPU.Build.0 = Debug|Any CPU
		{E89AFE1F-2504-46AE-8D48-0E048D98DEB0}.Release|Any CPU.ActiveCfg = Release|Any CPU
		{E89AFE1F-2504-46AE-8D48-0E048D98DEB0}.Release|Any CPU.Build.0 = Release|Any CPU
		{779DDF12-3333-4CFB-83B1-37CF51DCF169}.Debug|Any CPU.ActiveCfg = Debug|Any CPU
		{779DDF12-3333-4CFB-83B1-37CF51DCF169}.Debug|Any CPU.Build.0 = Debug|Any CPU
		{779DDF12-3333-4CFB-83B1-37CF51DCF169}.Release|Any CPU.ActiveCfg = Release|Any CPU
		{779DDF12-3333-4CFB-83B1-37CF51DCF169}.Release|Any CPU.Build.0 = Release|Any CPU
		{78237DD3-1F0B-4D4E-96F1-2B84F26C3EDF}.Debug|Any CPU.ActiveCfg = Debug|Any CPU
		{78237DD3-1F0B-4D4E-96F1-2B84F26C3EDF}.Debug|Any CPU.Build.0 = Debug|Any CPU
		{78237DD3-1F0B-4D4E-96F1-2B84F26C3EDF}.Release|Any CPU.ActiveCfg = Release|Any CPU
		{78237DD3-1F0B-4D4E-96F1-2B84F26C3EDF}.Release|Any CPU.Build.0 = Release|Any CPU
		{D360545E-FA99-4F3D-8A39-9A671165811A}.Debug|Any CPU.ActiveCfg = Debug|Any CPU
		{D360545E-FA99-4F3D-8A39-9A671165811A}.Debug|Any CPU.Build.0 = Debug|Any CPU
		{D360545E-FA99-4F3D-8A39-9A671165811A}.Release|Any CPU.ActiveCfg = Release|Any CPU
		{D360545E-FA99-4F3D-8A39-9A671165811A}.Release|Any CPU.Build.0 = Release|Any CPU
		{3EB3CFF7-3011-40E1-8C6F-97AF9F15CD68}.Debug|Any CPU.ActiveCfg = Debug|Any CPU
		{3EB3CFF7-3011-40E1-8C6F-97AF9F15CD68}.Debug|Any CPU.Build.0 = Debug|Any CPU
		{3EB3CFF7-3011-40E1-8C6F-97AF9F15CD68}.Release|Any CPU.ActiveCfg = Release|Any CPU
		{3EB3CFF7-3011-40E1-8C6F-97AF9F15CD68}.Release|Any CPU.Build.0 = Release|Any CPU
		{8DCCAA94-D7D5-4173-843E-CD67196EE616}.Debug|Any CPU.ActiveCfg = Debug|Any CPU
		{8DCCAA94-D7D5-4173-843E-CD67196EE616}.Debug|Any CPU.Build.0 = Debug|Any CPU
		{8DCCAA94-D7D5-4173-843E-CD67196EE616}.Release|Any CPU.ActiveCfg = Release|Any CPU
		{8DCCAA94-D7D5-4173-843E-CD67196EE616}.Release|Any CPU.Build.0 = Release|Any CPU
		{C95D6C8F-D5D7-4427-A1B4-F5CBD5CA82B5}.Debug|Any CPU.ActiveCfg = Debug|Any CPU
		{C95D6C8F-D5D7-4427-A1B4-F5CBD5CA82B5}.Debug|Any CPU.Build.0 = Debug|Any CPU
		{C95D6C8F-D5D7-4427-A1B4-F5CBD5CA82B5}.Release|Any CPU.ActiveCfg = Release|Any CPU
		{C95D6C8F-D5D7-4427-A1B4-F5CBD5CA82B5}.Release|Any CPU.Build.0 = Release|Any CPU
		{A470A348-1F8A-45B1-AAAC-26C659AB2DB0}.Debug|Any CPU.ActiveCfg = Debug|Any CPU
		{A470A348-1F8A-45B1-AAAC-26C659AB2DB0}.Debug|Any CPU.Build.0 = Debug|Any CPU
		{A470A348-1F8A-45B1-AAAC-26C659AB2DB0}.Release|Any CPU.ActiveCfg = Release|Any CPU
		{A470A348-1F8A-45B1-AAAC-26C659AB2DB0}.Release|Any CPU.Build.0 = Release|Any CPU
		{70C06238-A78F-4C94-9048-84E83369B346}.Debug|Any CPU.ActiveCfg = Debug|Any CPU
		{70C06238-A78F-4C94-9048-84E83369B346}.Debug|Any CPU.Build.0 = Debug|Any CPU
		{70C06238-A78F-4C94-9048-84E83369B346}.Release|Any CPU.ActiveCfg = Release|Any CPU
		{70C06238-A78F-4C94-9048-84E83369B346}.Release|Any CPU.Build.0 = Release|Any CPU
		{50C570D0-FC4E-4E29-8F1E-559E4FA33776}.Debug|Any CPU.ActiveCfg = Debug|Any CPU
		{50C570D0-FC4E-4E29-8F1E-559E4FA33776}.Debug|Any CPU.Build.0 = Debug|Any CPU
		{50C570D0-FC4E-4E29-8F1E-559E4FA33776}.Release|Any CPU.ActiveCfg = Release|Any CPU
		{50C570D0-FC4E-4E29-8F1E-559E4FA33776}.Release|Any CPU.Build.0 = Release|Any CPU
		{E23CB235-C367-4187-A971-F1C19141E8A2}.Debug|Any CPU.ActiveCfg = Debug|Any CPU
		{E23CB235-C367-4187-A971-F1C19141E8A2}.Debug|Any CPU.Build.0 = Debug|Any CPU
		{E23CB235-C367-4187-A971-F1C19141E8A2}.Release|Any CPU.ActiveCfg = Release|Any CPU
		{E23CB235-C367-4187-A971-F1C19141E8A2}.Release|Any CPU.Build.0 = Release|Any CPU
		{999C9F61-3384-4421-A095-D39AF7C08732}.Debug|Any CPU.ActiveCfg = Debug|Any CPU
		{999C9F61-3384-4421-A095-D39AF7C08732}.Debug|Any CPU.Build.0 = Debug|Any CPU
		{999C9F61-3384-4421-A095-D39AF7C08732}.Release|Any CPU.ActiveCfg = Release|Any CPU
		{999C9F61-3384-4421-A095-D39AF7C08732}.Release|Any CPU.Build.0 = Release|Any CPU
		{77EBA5AF-A3C9-4B2B-BF4C-7B095CF149D8}.Debug|Any CPU.ActiveCfg = Debug|Any CPU
		{77EBA5AF-A3C9-4B2B-BF4C-7B095CF149D8}.Debug|Any CPU.Build.0 = Debug|Any CPU
		{77EBA5AF-A3C9-4B2B-BF4C-7B095CF149D8}.Release|Any CPU.ActiveCfg = Release|Any CPU
		{77EBA5AF-A3C9-4B2B-BF4C-7B095CF149D8}.Release|Any CPU.Build.0 = Release|Any CPU
		{A2E65FF3-488D-42DA-8EC9-C0269AEB19E3}.Debug|Any CPU.ActiveCfg = Debug|Any CPU
		{A2E65FF3-488D-42DA-8EC9-C0269AEB19E3}.Debug|Any CPU.Build.0 = Debug|Any CPU
		{A2E65FF3-488D-42DA-8EC9-C0269AEB19E3}.Release|Any CPU.ActiveCfg = Release|Any CPU
		{A2E65FF3-488D-42DA-8EC9-C0269AEB19E3}.Release|Any CPU.Build.0 = Release|Any CPU
		{FF3FE164-2D14-4296-976A-AF863A9BAF9D}.Debug|Any CPU.ActiveCfg = Debug|Any CPU
		{FF3FE164-2D14-4296-976A-AF863A9BAF9D}.Debug|Any CPU.Build.0 = Debug|Any CPU
		{FF3FE164-2D14-4296-976A-AF863A9BAF9D}.Release|Any CPU.ActiveCfg = Release|Any CPU
		{FF3FE164-2D14-4296-976A-AF863A9BAF9D}.Release|Any CPU.Build.0 = Release|Any CPU
		{46847C65-A583-440F-BEA1-CB955F5EC241}.Debug|Any CPU.ActiveCfg = Debug|Any CPU
		{46847C65-A583-440F-BEA1-CB955F5EC241}.Debug|Any CPU.Build.0 = Debug|Any CPU
		{46847C65-A583-440F-BEA1-CB955F5EC241}.Release|Any CPU.ActiveCfg = Release|Any CPU
		{46847C65-A583-440F-BEA1-CB955F5EC241}.Release|Any CPU.Build.0 = Release|Any CPU
		{A7470D3E-84E2-4033-AF00-75C69B5B0DC2}.Debug|Any CPU.ActiveCfg = Debug|Any CPU
		{A7470D3E-84E2-4033-AF00-75C69B5B0DC2}.Debug|Any CPU.Build.0 = Debug|Any CPU
		{A7470D3E-84E2-4033-AF00-75C69B5B0DC2}.Release|Any CPU.ActiveCfg = Release|Any CPU
		{A7470D3E-84E2-4033-AF00-75C69B5B0DC2}.Release|Any CPU.Build.0 = Release|Any CPU
		{02AC9106-A5D4-4AAC-AE1A-4244A048821A}.Debug|Any CPU.ActiveCfg = Debug|Any CPU
		{02AC9106-A5D4-4AAC-AE1A-4244A048821A}.Debug|Any CPU.Build.0 = Debug|Any CPU
		{02AC9106-A5D4-4AAC-AE1A-4244A048821A}.Release|Any CPU.ActiveCfg = Release|Any CPU
		{02AC9106-A5D4-4AAC-AE1A-4244A048821A}.Release|Any CPU.Build.0 = Release|Any CPU
		{96EA4F1D-9E87-45E0-A3E6-228A29D09C3F}.Debug|Any CPU.ActiveCfg = Debug|Any CPU
		{96EA4F1D-9E87-45E0-A3E6-228A29D09C3F}.Debug|Any CPU.Build.0 = Debug|Any CPU
		{96EA4F1D-9E87-45E0-A3E6-228A29D09C3F}.Release|Any CPU.ActiveCfg = Release|Any CPU
		{96EA4F1D-9E87-45E0-A3E6-228A29D09C3F}.Release|Any CPU.Build.0 = Release|Any CPU
		{9C657BBB-13A1-497A-97C1-B351656B950D}.Debug|Any CPU.ActiveCfg = Debug|Any CPU
		{9C657BBB-13A1-497A-97C1-B351656B950D}.Debug|Any CPU.Build.0 = Debug|Any CPU
		{9C657BBB-13A1-497A-97C1-B351656B950D}.Release|Any CPU.ActiveCfg = Release|Any CPU
		{9C657BBB-13A1-497A-97C1-B351656B950D}.Release|Any CPU.Build.0 = Release|Any CPU
		{7B322A67-A344-4DE2-96EF-18C3F560C36D}.Debug|Any CPU.ActiveCfg = Debug|Any CPU
		{7B322A67-A344-4DE2-96EF-18C3F560C36D}.Debug|Any CPU.Build.0 = Debug|Any CPU
		{7B322A67-A344-4DE2-96EF-18C3F560C36D}.Release|Any CPU.ActiveCfg = Release|Any CPU
		{7B322A67-A344-4DE2-96EF-18C3F560C36D}.Release|Any CPU.Build.0 = Release|Any CPU
		{79E67FAB-EAC4-40EB-A3E7-4C53850FFC5E}.Debug|Any CPU.ActiveCfg = Debug|Any CPU
		{79E67FAB-EAC4-40EB-A3E7-4C53850FFC5E}.Debug|Any CPU.Build.0 = Debug|Any CPU
		{79E67FAB-EAC4-40EB-A3E7-4C53850FFC5E}.Release|Any CPU.ActiveCfg = Release|Any CPU
		{79E67FAB-EAC4-40EB-A3E7-4C53850FFC5E}.Release|Any CPU.Build.0 = Release|Any CPU
		{025E2B07-488F-4EC5-82FB-5AAFEDFF56F8}.Debug|Any CPU.ActiveCfg = Debug|Any CPU
		{025E2B07-488F-4EC5-82FB-5AAFEDFF56F8}.Debug|Any CPU.Build.0 = Debug|Any CPU
		{025E2B07-488F-4EC5-82FB-5AAFEDFF56F8}.Release|Any CPU.ActiveCfg = Release|Any CPU
		{025E2B07-488F-4EC5-82FB-5AAFEDFF56F8}.Release|Any CPU.Build.0 = Release|Any CPU
		{49135068-15F3-4F82-9A39-75582335C417}.Debug|Any CPU.ActiveCfg = Debug|Any CPU
		{49135068-15F3-4F82-9A39-75582335C417}.Debug|Any CPU.Build.0 = Debug|Any CPU
		{49135068-15F3-4F82-9A39-75582335C417}.Release|Any CPU.ActiveCfg = Release|Any CPU
		{49135068-15F3-4F82-9A39-75582335C417}.Release|Any CPU.Build.0 = Release|Any CPU
		{0A91F6DB-F30E-4B21-B06E-1CA3151E5CE8}.Debug|Any CPU.ActiveCfg = Debug|Any CPU
		{0A91F6DB-F30E-4B21-B06E-1CA3151E5CE8}.Debug|Any CPU.Build.0 = Debug|Any CPU
		{0A91F6DB-F30E-4B21-B06E-1CA3151E5CE8}.Release|Any CPU.ActiveCfg = Release|Any CPU
		{0A91F6DB-F30E-4B21-B06E-1CA3151E5CE8}.Release|Any CPU.Build.0 = Release|Any CPU
		{E5462B4E-1F48-4E5E-93E9-70A1ECF3146D}.Debug|Any CPU.ActiveCfg = Debug|Any CPU
		{E5462B4E-1F48-4E5E-93E9-70A1ECF3146D}.Debug|Any CPU.Build.0 = Debug|Any CPU
		{E5462B4E-1F48-4E5E-93E9-70A1ECF3146D}.Release|Any CPU.ActiveCfg = Release|Any CPU
		{E5462B4E-1F48-4E5E-93E9-70A1ECF3146D}.Release|Any CPU.Build.0 = Release|Any CPU
		{D6196902-106F-4B6C-8FDB-D3528A441F35}.Debug|Any CPU.ActiveCfg = Debug|Any CPU
		{D6196902-106F-4B6C-8FDB-D3528A441F35}.Debug|Any CPU.Build.0 = Debug|Any CPU
		{D6196902-106F-4B6C-8FDB-D3528A441F35}.Release|Any CPU.ActiveCfg = Release|Any CPU
		{D6196902-106F-4B6C-8FDB-D3528A441F35}.Release|Any CPU.Build.0 = Release|Any CPU
		{3EB9CADE-88CD-4443-8237-28048657313F}.Debug|Any CPU.ActiveCfg = Debug|Any CPU
		{3EB9CADE-88CD-4443-8237-28048657313F}.Debug|Any CPU.Build.0 = Debug|Any CPU
		{3EB9CADE-88CD-4443-8237-28048657313F}.Release|Any CPU.ActiveCfg = Release|Any CPU
		{3EB9CADE-88CD-4443-8237-28048657313F}.Release|Any CPU.Build.0 = Release|Any CPU
		{22CFC219-0ED1-4B51-A75E-85475C1850CD}.Debug|Any CPU.ActiveCfg = Debug|Any CPU
		{22CFC219-0ED1-4B51-A75E-85475C1850CD}.Debug|Any CPU.Build.0 = Debug|Any CPU
		{22CFC219-0ED1-4B51-A75E-85475C1850CD}.Release|Any CPU.ActiveCfg = Release|Any CPU
		{22CFC219-0ED1-4B51-A75E-85475C1850CD}.Release|Any CPU.Build.0 = Release|Any CPU
	EndGlobalSection
	GlobalSection(SolutionProperties) = preSolution
		HideSolutionNode = FALSE
	EndGlobalSection
	GlobalSection(ExtensibilityGlobals) = postSolution
		SolutionGuid = {5B74D6AA-695F-4BB3-9609-51D28E65D8B0}
	EndGlobalSection
EndGlobal
