
Microsoft Visual Studio Solution File, Format Version 12.00
# Visual Studio Version 16
VisualStudioVersion = 16.0.29519.87
MinimumVisualStudioVersion = 10.0.40219.1
Project("{FAE04EC0-301F-11D3-BF4B-00C04F79EFBC}") = "Lesson 1.1", "Lesson 1.1\Lesson 1.1.csproj", "{70CAD0E5-AD26-4683-A3F7-AD47D38A3D02}"
EndProject
Project("{FAE04EC0-301F-11D3-BF4B-00C04F79EFBC}") = "Lesson 1.2", "Lesson 1.2\Lesson 1.2.csproj", "{5F51CD14-D5DD-47D3-A665-EFD906A9762F}"
EndProject
Project("{FAE04EC0-301F-11D3-BF4B-00C04F79EFBC}") = "Lesson 1.3", "Lesson 1.3\Lesson 1.3.csproj", "{BF39DCC7-DA50-4351-A6B5-A00762AF164C}"
EndProject
Project("{FAE04EC0-301F-11D3-BF4B-00C04F79EFBC}") = "Lesson 1.4", "Lesson 1.4\Lesson 1.4.csproj", "{40C970BF-B9C2-4824-9B60-97D1C182A2B5}"
EndProject
Project("{FAE04EC0-301F-11D3-BF4B-00C04F79EFBC}") = "Lesson 2.1", "Lesson 2.1\Lesson 2.1.csproj", "{84FBC48E-673F-4C92-B924-9F42401D7779}"
EndProject
Project("{FAE04EC0-301F-11D3-BF4B-00C04F79EFBC}") = "Lesson 2.2", "Lesson 2.2\Lesson 2.2.csproj", "{45902A58-634F-449C-BE7C-824FA983BD19}"
EndProject
Project("{FAE04EC0-301F-11D3-BF4B-00C04F79EFBC}") = "Lesson 2.3", "Lesson 2.3\Lesson 2.3.csproj", "{7F57728E-7B98-486E-9BDF-C4D0DDB13165}"
EndProject
Project("{FAE04EC0-301F-11D3-BF4B-00C04F79EFBC}") = "Lesson 2.4", "Lesson 2.4\Lesson 2.4.csproj", "{E89AFE1F-2504-46AE-8D48-0E048D98DEB0}"
EndProject
Project("{FAE04EC0-301F-11D3-BF4B-00C04F79EFBC}") = "Lesson 3.1", "Lesson 3.1\Lesson 3.1.csproj", "{779DDF12-3333-4CFB-83B1-37CF51DCF169}"
EndProject
Project("{FAE04EC0-301F-11D3-BF4B-00C04F79EFBC}") = "Lesson 3.2", "Lesson 3.2\Lesson 3.2.csproj", "{78237DD3-1F0B-4D4E-96F1-2B84F26C3EDF}"
EndProject
Project("{FAE04EC0-301F-11D3-BF4B-00C04F79EFBC}") = "Lesson 3.3", "Lesson 3.3\Lesson 3.3.csproj", "{D360545E-FA99-4F3D-8A39-9A671165811A}"
EndProject
Project("{FAE04EC0-301F-11D3-BF4B-00C04F79EFBC}") = "Lesson 3.4", "Lesson 3.4\Lesson 3.4.csproj", "{3EB3CFF7-3011-40E1-8C6F-97AF9F15CD68}"
EndProject
Project("{FAE04EC0-301F-11D3-BF4B-00C04F79EFBC}") = "Lesson 4.1", "Lesson 4.1\Lesson 4.1.csproj", "{8DCCAA94-D7D5-4173-843E-CD67196EE616}"
EndProject
Project("{FAE04EC0-301F-11D3-BF4B-00C04F79EFBC}") = "Lesson 4.2", "Lesson 4.2\Lesson 4.2.csproj", "{C95D6C8F-D5D7-4427-A1B4-F5CBD5CA82B5}"
EndProject
Project("{FAE04EC0-301F-11D3-BF4B-00C04F79EFBC}") = "Lesson 4.3", "Lesson 4.3\Lesson 4.3.csproj", "{A470A348-1F8A-45B1-AAAC-26C659AB2DB0}"
EndProject
Project("{FAE04EC0-301F-11D3-BF4B-00C04F79EFBC}") = "Lesson 5.1", "Lesson 5.1\Lesson 5.1.csproj", "{70C06238-A78F-4C94-9048-84E83369B346}"
EndProject
Project("{FAE04EC0-301F-11D3-BF4B-00C04F79EFBC}") = "Lesson 5.2", "Lesson 5.2\Lesson 5.2.csproj", "{50C570D0-FC4E-4E29-8F1E-559E4FA33776}"
EndProject
Project("{FAE04EC0-301F-11D3-BF4B-00C04F79EFBC}") = "Lesson 5.3", "Lesson 5.3\Lesson 5.3.csproj", "{E23CB235-C367-4187-A971-F1C19141E8A2}"
EndProject
Project("{FAE04EC0-301F-11D3-BF4B-00C04F79EFBC}") = "Lesson 5.4", "Lesson 5.4\Lesson 5.4.csproj", "{999C9F61-3384-4421-A095-D39AF7C08732}"
EndProject
Project("{FAE04EC0-301F-11D3-BF4B-00C04F79EFBC}") = "Lesson 6.1", "Lesson 6.1\Lesson 6.1.csproj", "{77EBA5AF-A3C9-4B2B-BF4C-7B095CF149D8}"
EndProject
Project("{FAE04EC0-301F-11D3-BF4B-00C04F79EFBC}") = "Lesson 6.2", "Lesson 6.2\Lesson 6.2.csproj", "{A2E65FF3-488D-42DA-8EC9-C0269AEB19E3}"
EndProject
Project("{FAE04EC0-301F-11D3-BF4B-00C04F79EFBC}") = "Lesson 6.3", "Lesson 6.3\Lesson 6.3.csproj", "{46847C65-A583-440F-BEA1-CB955F5EC241}"
EndProject
Project("{FAE04EC0-301F-11D3-BF4B-00C04F79EFBC}") = "Lesson 6.4", "Lesson 6.4\Lesson 6.4.csproj", "{A7470D3E-84E2-4033-AF00-75C69B5B0DC2}"
EndProject
Project("{FAE04EC0-301F-11D3-BF4B-00C04F79EFBC}") = "Lesson 7.1", "Lesson 7.1\Lesson 7.1.csproj", "{02AC9106-A5D4-4AAC-AE1A-4244A048821A}"
EndProject
Project("{FAE04EC0-301F-11D3-BF4B-00C04F79EFBC}") = "Lesson 7.2", "Lesson 7.2\Lesson 7.2.csproj", "{96EA4F1D-9E87-45E0-A3E6-228A29D09C3F}"
EndProject
Project("{FAE04EC0-301F-11D3-BF4B-00C04F79EFBC}") = "Lesson 7.3", "Lesson 7.3\Lesson 7.3.csproj", "{9C657BBB-13A1-497A-97C1-B351656B950D}"
EndProject
Project("{FAE04EC0-301F-11D3-BF4B-00C04F79EFBC}") = "Lesson 8.1", "Lesson 8.1\Lesson 8.1.csproj", "{7B322A67-A344-4DE2-96EF-18C3F560C36D}"
EndProject
Project("{FAE04EC0-301F-11D3-BF4B-00C04F79EFBC}") = "Lesson 8.2", "Lesson 8.2\Lesson 8.2.csproj", "{79E67FAB-EAC4-40EB-A3E7-4C53850FFC5E}"
EndProject
Project("{FAE04EC0-301F-11D3-BF4B-00C04F79EFBC}") = "Lesson 8.3", "Lesson 8.3\Lesson 8.3.csproj", "{025E2B07-488F-4EC5-82FB-5AAFEDFF56F8}"
EndProject
Project("{FAE04EC0-301F-11D3-BF4B-00C04F79EFBC}") = "Lesson 9.1", "Lesson 9.1\Lesson 9.1.csproj", "{0A91F6DB-F30E-4B21-B06E-1CA3151E5CE8}"
EndProject
Project("{FAE04EC0-301F-11D3-BF4B-00C04F79EFBC}") = "Lesson 9.2", "Lesson 9.2\Lesson 9.2.csproj", "{E5462B4E-1F48-4E5E-93E9-70A1ECF3146D}"
EndProject
Project("{FAE04EC0-301F-11D3-BF4B-00C04F79EFBC}") = "Lesson 9.3", "Lesson 9.3\Lesson 9.3.csproj", "{D6196902-106F-4B6C-8FDB-D3528A441F35}"
EndProject
Project("{FAE04EC0-301F-11D3-BF4B-00C04F79EFBC}") = "Lesson 10.1", "Lesson 10.1\Lesson 10.1.csproj", "{3EB9CADE-88CD-4443-8237-28048657313F}"
EndProject
Project("{FAE04EC0-301F-11D3-BF4B-00C04F79EFBC}") = "Lesson 10.2", "Lesson 10.2\Lesson 10.2.csproj", "{22CFC219-0ED1-4B51-A75E-85475C1850CD}"
EndProject
Project("{FAE04EC0-301F-11D3-BF4B-00C04F79EFBC}") = "Lesson 10.3", "Lesson 10.3\Lesson 10.3.csproj", "{219682E1-0419-4F08-A7A3-BE5845CDA582}"
EndProject
Project("{FAE04EC0-301F-11D3-BF4B-00C04F79EFBC}") = "Lesson 10.4", "Lesson 10.4\Lesson 10.4.csproj", "{46476274-4567-449A-A50B-87ABA4090DF2}"
EndProject
Project("{FAE04EC0-301F-11D3-BF4B-00C04F79EFBC}") = "Lesson 11.1", "Lesson 11.1\Lesson 11.1.csproj", "{00F20C2D-7C0A-4A5F-A422-F10501E9AF2B}"
EndProject
Project("{FAE04EC0-301F-11D3-BF4B-00C04F79EFBC}") = "Lesson 11.2", "Lesson 11.2\Lesson 11.2.csproj", "{80A6C56D-5367-4D3B-8706-123D61F8C2DD}"
EndProject
Project("{FAE04EC0-301F-11D3-BF4B-00C04F79EFBC}") = "Lesson 11.3", "Lesson 11.3\Lesson 11.3.csproj", "{B4D74DAC-0E4C-455F-B578-C6316831D623}"
EndProject
Project("{FAE04EC0-301F-11D3-BF4B-00C04F79EFBC}") = "Lesson 11.4", "Lesson 11.4\Lesson 11.4.csproj", "{F5B34171-720F-4E00-B3AD-0BA1B5CAAB67}"
EndProject
Project("{FAE04EC0-301F-11D3-BF4B-00C04F79EFBC}") = "Lesson 12.1", "Lesson 12.1\Lesson 12.1.csproj", "{48081B10-274F-47A7-8FEA-206C10994475}"
EndProject
Project("{FAE04EC0-301F-11D3-BF4B-00C04F79EFBC}") = "Lesson 12.2", "Lesson 12.2\Lesson 12.2.csproj", "{E31F3295-7DC3-415A-9641-1D22F0DDAAE3}"
EndProject
Project("{FAE04EC0-301F-11D3-BF4B-00C04F79EFBC}") = "Lesson 12.3", "Lesson 12.3\Lesson 12.3.csproj", "{77B70D84-498A-4764-AB67-AD77AC9B106A}"
EndProject
Project("{FAE04EC0-301F-11D3-BF4B-00C04F79EFBC}") = "Lesson 12.4", "Lesson 12.4\Lesson 12.4.csproj", "{B4C094B3-0D4C-448F-8EAC-56A0293103C4}"
EndProject
Project("{FAE04EC0-301F-11D3-BF4B-00C04F79EFBC}") = "Lesson 13.1", "Lesson 13.1\Lesson 13.1.csproj", "{36AB344E-549D-407B-AA26-21B4030D3E4C}"
EndProject
Project("{FAE04EC0-301F-11D3-BF4B-00C04F79EFBC}") = "Lesson 13.2", "Lesson 13.2\Lesson 13.2.csproj", "{E4450315-3B0B-441E-BB1E-1187FEE9F6ED}"
EndProject
Project("{FAE04EC0-301F-11D3-BF4B-00C04F79EFBC}") = "Lesson 13.3", "Lesson 13.3\Lesson 13.3.csproj", "{5943DC50-6F87-4D68-BE39-072DCE2DF53F}"
EndProject
Project("{FAE04EC0-301F-11D3-BF4B-00C04F79EFBC}") = "Lesson 14.1", "Lesson 14.1\Lesson 14.1.csproj", "{BF8385C1-A22E-4D1F-9BA6-5F5A5558AC06}"
EndProject
Project("{FAE04EC0-301F-11D3-BF4B-00C04F79EFBC}") = "Lesson 14.2", "Lesson 14.2\Lesson 14.2.csproj", "{38E1B2D2-0447-4F1B-B9E1-3E576DA29E15}"
EndProject
Project("{FAE04EC0-301F-11D3-BF4B-00C04F79EFBC}") = "Lesson 14.3", "Lesson 14.3\Lesson 14.3.csproj", "{750A1C63-4D83-445F-84C9-FEC3ED494F65}"
EndProject
Project("{FAE04EC0-301F-11D3-BF4B-00C04F79EFBC}") = "Lesson 14.4", "Lesson 14.4\Lesson 14.4.csproj", "{5B42754A-4A92-48A9-9002-7DFFCE7F739A}"
EndProject
Project("{FAE04EC0-301F-11D3-BF4B-00C04F79EFBC}") = "Lesson 15.1", "Lesson 15.1\Lesson 15.1.csproj", "{AB24A60E-9D23-4FDD-8C26-E86048949CC4}"
EndProject
Project("{FAE04EC0-301F-11D3-BF4B-00C04F79EFBC}") = "Lesson 15.2", "Lesson 15.2\Lesson 15.2.csproj", "{8F0E2053-6EBB-4B4A-B6E9-114FA5FAC74E}"
EndProject
Project("{FAE04EC0-301F-11D3-BF4B-00C04F79EFBC}") = "Lesson 15.3", "Lesson 15.3\Lesson 15.3.csproj", "{03D5FB0B-B5C4-4954-A56C-D02BC2035B22}"
EndProject
Project("{FAE04EC0-301F-11D3-BF4B-00C04F79EFBC}") = "Lesson 16.1", "Lesson 16.1\Lesson 16.1.csproj", "{3DBECEAD-6727-4403-8398-C630F1CBF6A8}"
EndProject
Project("{FAE04EC0-301F-11D3-BF4B-00C04F79EFBC}") = "Lesson 16.2", "Lesson 16.2\Lesson 16.2.csproj", "{4BAF6246-9DC5-4703-B8B0-EC851FBC0456}"
EndProject
Project("{FAE04EC0-301F-11D3-BF4B-00C04F79EFBC}") = "Lesson 16.3", "Lesson 16.3\Lesson 16.3.csproj", "{BE1CE5B9-CC4E-4264-B881-F27FBE6F5139}"
EndProject
Project("{FAE04EC0-301F-11D3-BF4B-00C04F79EFBC}") = "Lesson 16.4", "Lesson 16.4\Lesson 16.4.csproj", "{BD1C113E-3C94-41F6-9BE9-949677DF8B23}"
EndProject
Project("{FAE04EC0-301F-11D3-BF4B-00C04F79EFBC}") = "Lesson 17.1", "Lesson 17.1\Lesson 17.1.csproj", "{3FA079C3-2D51-4FEB-836D-85254AB4D449}"
EndProject
Project("{FAE04EC0-301F-11D3-BF4B-00C04F79EFBC}") = "Lesson 17.2", "Lesson 17.2\Lesson 17.2.csproj", "{A627EF9D-AB2C-4E70-9AA5-968380F21F42}"
EndProject
Project("{FAE04EC0-301F-11D3-BF4B-00C04F79EFBC}") = "Lesson 17.3", "Lesson 17.3\Lesson 17.3.csproj", "{9FFB46E8-A35A-4161-9845-CEAA215900AC}"
EndProject
Project("{FAE04EC0-301F-11D3-BF4B-00C04F79EFBC}") = "Lesson 18.1", "Lesson 18.1\Lesson 18.1.csproj", "{0F1E1612-A7AE-43E0-8F67-A595D46291B0}"
EndProject
Project("{FAE04EC0-301F-11D3-BF4B-00C04F79EFBC}") = "Lesson 18.2", "Lesson 18.2\Lesson 18.2.csproj", "{1B23C293-9B5A-4170-8E07-9B324C4FBB4E}"
EndProject
Project("{FAE04EC0-301F-11D3-BF4B-00C04F79EFBC}") = "Lesson 18.3", "Lesson 18.3\Lesson 18.3.csproj", "{A2F8CA95-6DC4-4200-8248-FF7150CD7495}"
EndProject
Project("{FAE04EC0-301F-11D3-BF4B-00C04F79EFBC}") = "Lesson 18.3.1", "Lesson 18.3.1\Lesson 18.3.1.csproj", "{830CFCED-E067-4AF1-A918-7FA48C5B6E9D}"
EndProject
Global
	GlobalSection(SolutionConfigurationPlatforms) = preSolution
		Debug|Any CPU = Debug|Any CPU
		Release|Any CPU = Release|Any CPU
	EndGlobalSection
	GlobalSection(ProjectConfigurationPlatforms) = postSolution
		{70CAD0E5-AD26-4683-A3F7-AD47D38A3D02}.Debug|Any CPU.ActiveCfg = Debug|Any CPU
		{70CAD0E5-AD26-4683-A3F7-AD47D38A3D02}.Debug|Any CPU.Build.0 = Debug|Any CPU
		{70CAD0E5-AD26-4683-A3F7-AD47D38A3D02}.Release|Any CPU.ActiveCfg = Release|Any CPU
		{70CAD0E5-AD26-4683-A3F7-AD47D38A3D02}.Release|Any CPU.Build.0 = Release|Any CPU
		{5F51CD14-D5DD-47D3-A665-EFD906A9762F}.Debug|Any CPU.ActiveCfg = Debug|Any CPU
		{5F51CD14-D5DD-47D3-A665-EFD906A9762F}.Debug|Any CPU.Build.0 = Debug|Any CPU
		{5F51CD14-D5DD-47D3-A665-EFD906A9762F}.Release|Any CPU.ActiveCfg = Release|Any CPU
		{5F51CD14-D5DD-47D3-A665-EFD906A9762F}.Release|Any CPU.Build.0 = Release|Any CPU
		{BF39DCC7-DA50-4351-A6B5-A00762AF164C}.Debug|Any CPU.ActiveCfg = Debug|Any CPU
		{BF39DCC7-DA50-4351-A6B5-A00762AF164C}.Debug|Any CPU.Build.0 = Debug|Any CPU
		{BF39DCC7-DA50-4351-A6B5-A00762AF164C}.Release|Any CPU.ActiveCfg = Release|Any CPU
		{BF39DCC7-DA50-4351-A6B5-A00762AF164C}.Release|Any CPU.Build.0 = Release|Any CPU
		{40C970BF-B9C2-4824-9B60-97D1C182A2B5}.Debug|Any CPU.ActiveCfg = Debug|Any CPU
		{40C970BF-B9C2-4824-9B60-97D1C182A2B5}.Debug|Any CPU.Build.0 = Debug|Any CPU
		{40C970BF-B9C2-4824-9B60-97D1C182A2B5}.Release|Any CPU.ActiveCfg = Release|Any CPU
		{40C970BF-B9C2-4824-9B60-97D1C182A2B5}.Release|Any CPU.Build.0 = Release|Any CPU
		{84FBC48E-673F-4C92-B924-9F42401D7779}.Debug|Any CPU.ActiveCfg = Debug|Any CPU
		{84FBC48E-673F-4C92-B924-9F42401D7779}.Debug|Any CPU.Build.0 = Debug|Any CPU
		{84FBC48E-673F-4C92-B924-9F42401D7779}.Release|Any CPU.ActiveCfg = Release|Any CPU
		{84FBC48E-673F-4C92-B924-9F42401D7779}.Release|Any CPU.Build.0 = Release|Any CPU
		{45902A58-634F-449C-BE7C-824FA983BD19}.Debug|Any CPU.ActiveCfg = Debug|Any CPU
		{45902A58-634F-449C-BE7C-824FA983BD19}.Debug|Any CPU.Build.0 = Debug|Any CPU
		{45902A58-634F-449C-BE7C-824FA983BD19}.Release|Any CPU.ActiveCfg = Release|Any CPU
		{45902A58-634F-449C-BE7C-824FA983BD19}.Release|Any CPU.Build.0 = Release|Any CPU
		{7F57728E-7B98-486E-9BDF-C4D0DDB13165}.Debug|Any CPU.ActiveCfg = Debug|Any CPU
		{7F57728E-7B98-486E-9BDF-C4D0DDB13165}.Debug|Any CPU.Build.0 = Debug|Any CPU
		{7F57728E-7B98-486E-9BDF-C4D0DDB13165}.Release|Any CPU.ActiveCfg = Release|Any CPU
		{7F57728E-7B98-486E-9BDF-C4D0DDB13165}.Release|Any CPU.Build.0 = Release|Any CPU
		{E89AFE1F-2504-46AE-8D48-0E048D98DEB0}.Debug|Any CPU.ActiveCfg = Debug|Any CPU
		{E89AFE1F-2504-46AE-8D48-0E048D98DEB0}.Debug|Any CPU.Build.0 = Debug|Any CPU
		{E89AFE1F-2504-46AE-8D48-0E048D98DEB0}.Release|Any CPU.ActiveCfg = Release|Any CPU
		{E89AFE1F-2504-46AE-8D48-0E048D98DEB0}.Release|Any CPU.Build.0 = Release|Any CPU
		{779DDF12-3333-4CFB-83B1-37CF51DCF169}.Debug|Any CPU.ActiveCfg = Debug|Any CPU
		{779DDF12-3333-4CFB-83B1-37CF51DCF169}.Debug|Any CPU.Build.0 = Debug|Any CPU
		{779DDF12-3333-4CFB-83B1-37CF51DCF169}.Release|Any CPU.ActiveCfg = Release|Any CPU
		{779DDF12-3333-4CFB-83B1-37CF51DCF169}.Release|Any CPU.Build.0 = Release|Any CPU
		{78237DD3-1F0B-4D4E-96F1-2B84F26C3EDF}.Debug|Any CPU.ActiveCfg = Debug|Any CPU
		{78237DD3-1F0B-4D4E-96F1-2B84F26C3EDF}.Debug|Any CPU.Build.0 = Debug|Any CPU
		{78237DD3-1F0B-4D4E-96F1-2B84F26C3EDF}.Release|Any CPU.ActiveCfg = Release|Any CPU
		{78237DD3-1F0B-4D4E-96F1-2B84F26C3EDF}.Release|Any CPU.Build.0 = Release|Any CPU
		{D360545E-FA99-4F3D-8A39-9A671165811A}.Debug|Any CPU.ActiveCfg = Debug|Any CPU
		{D360545E-FA99-4F3D-8A39-9A671165811A}.Debug|Any CPU.Build.0 = Debug|Any CPU
		{D360545E-FA99-4F3D-8A39-9A671165811A}.Release|Any CPU.ActiveCfg = Release|Any CPU
		{D360545E-FA99-4F3D-8A39-9A671165811A}.Release|Any CPU.Build.0 = Release|Any CPU
		{3EB3CFF7-3011-40E1-8C6F-97AF9F15CD68}.Debug|Any CPU.ActiveCfg = Debug|Any CPU
		{3EB3CFF7-3011-40E1-8C6F-97AF9F15CD68}.Debug|Any CPU.Build.0 = Debug|Any CPU
		{3EB3CFF7-3011-40E1-8C6F-97AF9F15CD68}.Release|Any CPU.ActiveCfg = Release|Any CPU
		{3EB3CFF7-3011-40E1-8C6F-97AF9F15CD68}.Release|Any CPU.Build.0 = Release|Any CPU
		{8DCCAA94-D7D5-4173-843E-CD67196EE616}.Debug|Any CPU.ActiveCfg = Debug|Any CPU
		{8DCCAA94-D7D5-4173-843E-CD67196EE616}.Debug|Any CPU.Build.0 = Debug|Any CPU
		{8DCCAA94-D7D5-4173-843E-CD67196EE616}.Release|Any CPU.ActiveCfg = Release|Any CPU
		{8DCCAA94-D7D5-4173-843E-CD67196EE616}.Release|Any CPU.Build.0 = Release|Any CPU
		{C95D6C8F-D5D7-4427-A1B4-F5CBD5CA82B5}.Debug|Any CPU.ActiveCfg = Debug|Any CPU
		{C95D6C8F-D5D7-4427-A1B4-F5CBD5CA82B5}.Debug|Any CPU.Build.0 = Debug|Any CPU
		{C95D6C8F-D5D7-4427-A1B4-F5CBD5CA82B5}.Release|Any CPU.ActiveCfg = Release|Any CPU
		{C95D6C8F-D5D7-4427-A1B4-F5CBD5CA82B5}.Release|Any CPU.Build.0 = Release|Any CPU
		{A470A348-1F8A-45B1-AAAC-26C659AB2DB0}.Debug|Any CPU.ActiveCfg = Debug|Any CPU
		{A470A348-1F8A-45B1-AAAC-26C659AB2DB0}.Debug|Any CPU.Build.0 = Debug|Any CPU
		{A470A348-1F8A-45B1-AAAC-26C659AB2DB0}.Release|Any CPU.ActiveCfg = Release|Any CPU
		{A470A348-1F8A-45B1-AAAC-26C659AB2DB0}.Release|Any CPU.Build.0 = Release|Any CPU
		{70C06238-A78F-4C94-9048-84E83369B346}.Debug|Any CPU.ActiveCfg = Debug|Any CPU
		{70C06238-A78F-4C94-9048-84E83369B346}.Debug|Any CPU.Build.0 = Debug|Any CPU
		{70C06238-A78F-4C94-9048-84E83369B346}.Release|Any CPU.ActiveCfg = Release|Any CPU
		{70C06238-A78F-4C94-9048-84E83369B346}.Release|Any CPU.Build.0 = Release|Any CPU
		{50C570D0-FC4E-4E29-8F1E-559E4FA33776}.Debug|Any CPU.ActiveCfg = Debug|Any CPU
		{50C570D0-FC4E-4E29-8F1E-559E4FA33776}.Debug|Any CPU.Build.0 = Debug|Any CPU
		{50C570D0-FC4E-4E29-8F1E-559E4FA33776}.Release|Any CPU.ActiveCfg = Release|Any CPU
		{50C570D0-FC4E-4E29-8F1E-559E4FA33776}.Release|Any CPU.Build.0 = Release|Any CPU
		{E23CB235-C367-4187-A971-F1C19141E8A2}.Debug|Any CPU.ActiveCfg = Debug|Any CPU
		{E23CB235-C367-4187-A971-F1C19141E8A2}.Debug|Any CPU.Build.0 = Debug|Any CPU
		{E23CB235-C367-4187-A971-F1C19141E8A2}.Release|Any CPU.ActiveCfg = Release|Any CPU
		{E23CB235-C367-4187-A971-F1C19141E8A2}.Release|Any CPU.Build.0 = Release|Any CPU
		{999C9F61-3384-4421-A095-D39AF7C08732}.Debug|Any CPU.ActiveCfg = Debug|Any CPU
		{999C9F61-3384-4421-A095-D39AF7C08732}.Debug|Any CPU.Build.0 = Debug|Any CPU
		{999C9F61-3384-4421-A095-D39AF7C08732}.Release|Any CPU.ActiveCfg = Release|Any CPU
		{999C9F61-3384-4421-A095-D39AF7C08732}.Release|Any CPU.Build.0 = Release|Any CPU
		{77EBA5AF-A3C9-4B2B-BF4C-7B095CF149D8}.Debug|Any CPU.ActiveCfg = Debug|Any CPU
		{77EBA5AF-A3C9-4B2B-BF4C-7B095CF149D8}.Debug|Any CPU.Build.0 = Debug|Any CPU
		{77EBA5AF-A3C9-4B2B-BF4C-7B095CF149D8}.Release|Any CPU.ActiveCfg = Release|Any CPU
		{77EBA5AF-A3C9-4B2B-BF4C-7B095CF149D8}.Release|Any CPU.Build.0 = Release|Any CPU
		{A2E65FF3-488D-42DA-8EC9-C0269AEB19E3}.Debug|Any CPU.ActiveCfg = Debug|Any CPU
		{A2E65FF3-488D-42DA-8EC9-C0269AEB19E3}.Debug|Any CPU.Build.0 = Debug|Any CPU
		{A2E65FF3-488D-42DA-8EC9-C0269AEB19E3}.Release|Any CPU.ActiveCfg = Release|Any CPU
		{A2E65FF3-488D-42DA-8EC9-C0269AEB19E3}.Release|Any CPU.Build.0 = Release|Any CPU
		{46847C65-A583-440F-BEA1-CB955F5EC241}.Debug|Any CPU.ActiveCfg = Debug|Any CPU
		{46847C65-A583-440F-BEA1-CB955F5EC241}.Debug|Any CPU.Build.0 = Debug|Any CPU
		{46847C65-A583-440F-BEA1-CB955F5EC241}.Release|Any CPU.ActiveCfg = Release|Any CPU
		{46847C65-A583-440F-BEA1-CB955F5EC241}.Release|Any CPU.Build.0 = Release|Any CPU
		{A7470D3E-84E2-4033-AF00-75C69B5B0DC2}.Debug|Any CPU.ActiveCfg = Debug|Any CPU
		{A7470D3E-84E2-4033-AF00-75C69B5B0DC2}.Debug|Any CPU.Build.0 = Debug|Any CPU
		{A7470D3E-84E2-4033-AF00-75C69B5B0DC2}.Release|Any CPU.ActiveCfg = Release|Any CPU
		{A7470D3E-84E2-4033-AF00-75C69B5B0DC2}.Release|Any CPU.Build.0 = Release|Any CPU
		{02AC9106-A5D4-4AAC-AE1A-4244A048821A}.Debug|Any CPU.ActiveCfg = Debug|Any CPU
		{02AC9106-A5D4-4AAC-AE1A-4244A048821A}.Debug|Any CPU.Build.0 = Debug|Any CPU
		{02AC9106-A5D4-4AAC-AE1A-4244A048821A}.Release|Any CPU.ActiveCfg = Release|Any CPU
		{02AC9106-A5D4-4AAC-AE1A-4244A048821A}.Release|Any CPU.Build.0 = Release|Any CPU
		{96EA4F1D-9E87-45E0-A3E6-228A29D09C3F}.Debug|Any CPU.ActiveCfg = Debug|Any CPU
		{96EA4F1D-9E87-45E0-A3E6-228A29D09C3F}.Debug|Any CPU.Build.0 = Debug|Any CPU
		{96EA4F1D-9E87-45E0-A3E6-228A29D09C3F}.Release|Any CPU.ActiveCfg = Release|Any CPU
		{96EA4F1D-9E87-45E0-A3E6-228A29D09C3F}.Release|Any CPU.Build.0 = Release|Any CPU
		{9C657BBB-13A1-497A-97C1-B351656B950D}.Debug|Any CPU.ActiveCfg = Debug|Any CPU
		{9C657BBB-13A1-497A-97C1-B351656B950D}.Debug|Any CPU.Build.0 = Debug|Any CPU
		{9C657BBB-13A1-497A-97C1-B351656B950D}.Release|Any CPU.ActiveCfg = Release|Any CPU
		{9C657BBB-13A1-497A-97C1-B351656B950D}.Release|Any CPU.Build.0 = Release|Any CPU
		{7B322A67-A344-4DE2-96EF-18C3F560C36D}.Debug|Any CPU.ActiveCfg = Debug|Any CPU
		{7B322A67-A344-4DE2-96EF-18C3F560C36D}.Debug|Any CPU.Build.0 = Debug|Any CPU
		{7B322A67-A344-4DE2-96EF-18C3F560C36D}.Release|Any CPU.ActiveCfg = Release|Any CPU
		{7B322A67-A344-4DE2-96EF-18C3F560C36D}.Release|Any CPU.Build.0 = Release|Any CPU
		{79E67FAB-EAC4-40EB-A3E7-4C53850FFC5E}.Debug|Any CPU.ActiveCfg = Debug|Any CPU
		{79E67FAB-EAC4-40EB-A3E7-4C53850FFC5E}.Debug|Any CPU.Build.0 = Debug|Any CPU
		{79E67FAB-EAC4-40EB-A3E7-4C53850FFC5E}.Release|Any CPU.ActiveCfg = Release|Any CPU
		{79E67FAB-EAC4-40EB-A3E7-4C53850FFC5E}.Release|Any CPU.Build.0 = Release|Any CPU
		{025E2B07-488F-4EC5-82FB-5AAFEDFF56F8}.Debug|Any CPU.ActiveCfg = Debug|Any CPU
		{025E2B07-488F-4EC5-82FB-5AAFEDFF56F8}.Debug|Any CPU.Build.0 = Debug|Any CPU
		{025E2B07-488F-4EC5-82FB-5AAFEDFF56F8}.Release|Any CPU.ActiveCfg = Release|Any CPU
		{025E2B07-488F-4EC5-82FB-5AAFEDFF56F8}.Release|Any CPU.Build.0 = Release|Any CPU
		{0A91F6DB-F30E-4B21-B06E-1CA3151E5CE8}.Debug|Any CPU.ActiveCfg = Debug|Any CPU
		{0A91F6DB-F30E-4B21-B06E-1CA3151E5CE8}.Debug|Any CPU.Build.0 = Debug|Any CPU
		{0A91F6DB-F30E-4B21-B06E-1CA3151E5CE8}.Release|Any CPU.ActiveCfg = Release|Any CPU
		{0A91F6DB-F30E-4B21-B06E-1CA3151E5CE8}.Release|Any CPU.Build.0 = Release|Any CPU
		{E5462B4E-1F48-4E5E-93E9-70A1ECF3146D}.Debug|Any CPU.ActiveCfg = Debug|Any CPU
		{E5462B4E-1F48-4E5E-93E9-70A1ECF3146D}.Debug|Any CPU.Build.0 = Debug|Any CPU
		{E5462B4E-1F48-4E5E-93E9-70A1ECF3146D}.Release|Any CPU.ActiveCfg = Release|Any CPU
		{E5462B4E-1F48-4E5E-93E9-70A1ECF3146D}.Release|Any CPU.Build.0 = Release|Any CPU
		{D6196902-106F-4B6C-8FDB-D3528A441F35}.Debug|Any CPU.ActiveCfg = Debug|Any CPU
		{D6196902-106F-4B6C-8FDB-D3528A441F35}.Debug|Any CPU.Build.0 = Debug|Any CPU
		{D6196902-106F-4B6C-8FDB-D3528A441F35}.Release|Any CPU.ActiveCfg = Release|Any CPU
		{D6196902-106F-4B6C-8FDB-D3528A441F35}.Release|Any CPU.Build.0 = Release|Any CPU
		{3EB9CADE-88CD-4443-8237-28048657313F}.Debug|Any CPU.ActiveCfg = Debug|Any CPU
		{3EB9CADE-88CD-4443-8237-28048657313F}.Debug|Any CPU.Build.0 = Debug|Any CPU
		{3EB9CADE-88CD-4443-8237-28048657313F}.Release|Any CPU.ActiveCfg = Release|Any CPU
		{3EB9CADE-88CD-4443-8237-28048657313F}.Release|Any CPU.Build.0 = Release|Any CPU
		{22CFC219-0ED1-4B51-A75E-85475C1850CD}.Debug|Any CPU.ActiveCfg = Debug|Any CPU
		{22CFC219-0ED1-4B51-A75E-85475C1850CD}.Debug|Any CPU.Build.0 = Debug|Any CPU
		{22CFC219-0ED1-4B51-A75E-85475C1850CD}.Release|Any CPU.ActiveCfg = Release|Any CPU
		{22CFC219-0ED1-4B51-A75E-85475C1850CD}.Release|Any CPU.Build.0 = Release|Any CPU
		{219682E1-0419-4F08-A7A3-BE5845CDA582}.Debug|Any CPU.ActiveCfg = Debug|Any CPU
		{219682E1-0419-4F08-A7A3-BE5845CDA582}.Debug|Any CPU.Build.0 = Debug|Any CPU
		{219682E1-0419-4F08-A7A3-BE5845CDA582}.Release|Any CPU.ActiveCfg = Release|Any CPU
		{219682E1-0419-4F08-A7A3-BE5845CDA582}.Release|Any CPU.Build.0 = Release|Any CPU
		{46476274-4567-449A-A50B-87ABA4090DF2}.Debug|Any CPU.ActiveCfg = Debug|Any CPU
		{46476274-4567-449A-A50B-87ABA4090DF2}.Debug|Any CPU.Build.0 = Debug|Any CPU
		{46476274-4567-449A-A50B-87ABA4090DF2}.Release|Any CPU.ActiveCfg = Release|Any CPU
		{46476274-4567-449A-A50B-87ABA4090DF2}.Release|Any CPU.Build.0 = Release|Any CPU
		{00F20C2D-7C0A-4A5F-A422-F10501E9AF2B}.Debug|Any CPU.ActiveCfg = Debug|Any CPU
		{00F20C2D-7C0A-4A5F-A422-F10501E9AF2B}.Debug|Any CPU.Build.0 = Debug|Any CPU
		{00F20C2D-7C0A-4A5F-A422-F10501E9AF2B}.Release|Any CPU.ActiveCfg = Release|Any CPU
		{00F20C2D-7C0A-4A5F-A422-F10501E9AF2B}.Release|Any CPU.Build.0 = Release|Any CPU
		{80A6C56D-5367-4D3B-8706-123D61F8C2DD}.Debug|Any CPU.ActiveCfg = Debug|Any CPU
		{80A6C56D-5367-4D3B-8706-123D61F8C2DD}.Debug|Any CPU.Build.0 = Debug|Any CPU
		{80A6C56D-5367-4D3B-8706-123D61F8C2DD}.Release|Any CPU.ActiveCfg = Release|Any CPU
		{80A6C56D-5367-4D3B-8706-123D61F8C2DD}.Release|Any CPU.Build.0 = Release|Any CPU
		{B4D74DAC-0E4C-455F-B578-C6316831D623}.Debug|Any CPU.ActiveCfg = Debug|Any CPU
		{B4D74DAC-0E4C-455F-B578-C6316831D623}.Debug|Any CPU.Build.0 = Debug|Any CPU
		{B4D74DAC-0E4C-455F-B578-C6316831D623}.Release|Any CPU.ActiveCfg = Release|Any CPU
		{B4D74DAC-0E4C-455F-B578-C6316831D623}.Release|Any CPU.Build.0 = Release|Any CPU
		{F5B34171-720F-4E00-B3AD-0BA1B5CAAB67}.Debug|Any CPU.ActiveCfg = Debug|Any CPU
		{F5B34171-720F-4E00-B3AD-0BA1B5CAAB67}.Debug|Any CPU.Build.0 = Debug|Any CPU
		{F5B34171-720F-4E00-B3AD-0BA1B5CAAB67}.Release|Any CPU.ActiveCfg = Release|Any CPU
		{F5B34171-720F-4E00-B3AD-0BA1B5CAAB67}.Release|Any CPU.Build.0 = Release|Any CPU
		{48081B10-274F-47A7-8FEA-206C10994475}.Debug|Any CPU.ActiveCfg = Debug|Any CPU
		{48081B10-274F-47A7-8FEA-206C10994475}.Debug|Any CPU.Build.0 = Debug|Any CPU
		{48081B10-274F-47A7-8FEA-206C10994475}.Release|Any CPU.ActiveCfg = Release|Any CPU
		{48081B10-274F-47A7-8FEA-206C10994475}.Release|Any CPU.Build.0 = Release|Any CPU
		{E31F3295-7DC3-415A-9641-1D22F0DDAAE3}.Debug|Any CPU.ActiveCfg = Debug|Any CPU
		{E31F3295-7DC3-415A-9641-1D22F0DDAAE3}.Debug|Any CPU.Build.0 = Debug|Any CPU
		{E31F3295-7DC3-415A-9641-1D22F0DDAAE3}.Release|Any CPU.ActiveCfg = Release|Any CPU
		{E31F3295-7DC3-415A-9641-1D22F0DDAAE3}.Release|Any CPU.Build.0 = Release|Any CPU
		{77B70D84-498A-4764-AB67-AD77AC9B106A}.Debug|Any CPU.ActiveCfg = Debug|Any CPU
		{77B70D84-498A-4764-AB67-AD77AC9B106A}.Debug|Any CPU.Build.0 = Debug|Any CPU
		{77B70D84-498A-4764-AB67-AD77AC9B106A}.Release|Any CPU.ActiveCfg = Release|Any CPU
		{77B70D84-498A-4764-AB67-AD77AC9B106A}.Release|Any CPU.Build.0 = Release|Any CPU
		{B4C094B3-0D4C-448F-8EAC-56A0293103C4}.Debug|Any CPU.ActiveCfg = Debug|Any CPU
		{B4C094B3-0D4C-448F-8EAC-56A0293103C4}.Debug|Any CPU.Build.0 = Debug|Any CPU
		{B4C094B3-0D4C-448F-8EAC-56A0293103C4}.Release|Any CPU.ActiveCfg = Release|Any CPU
		{B4C094B3-0D4C-448F-8EAC-56A0293103C4}.Release|Any CPU.Build.0 = Release|Any CPU
		{36AB344E-549D-407B-AA26-21B4030D3E4C}.Debug|Any CPU.ActiveCfg = Debug|Any CPU
		{36AB344E-549D-407B-AA26-21B4030D3E4C}.Debug|Any CPU.Build.0 = Debug|Any CPU
		{36AB344E-549D-407B-AA26-21B4030D3E4C}.Release|Any CPU.ActiveCfg = Release|Any CPU
		{36AB344E-549D-407B-AA26-21B4030D3E4C}.Release|Any CPU.Build.0 = Release|Any CPU
		{E4450315-3B0B-441E-BB1E-1187FEE9F6ED}.Debug|Any CPU.ActiveCfg = Debug|Any CPU
		{E4450315-3B0B-441E-BB1E-1187FEE9F6ED}.Debug|Any CPU.Build.0 = Debug|Any CPU
		{E4450315-3B0B-441E-BB1E-1187FEE9F6ED}.Release|Any CPU.ActiveCfg = Release|Any CPU
		{E4450315-3B0B-441E-BB1E-1187FEE9F6ED}.Release|Any CPU.Build.0 = Release|Any CPU
		{5943DC50-6F87-4D68-BE39-072DCE2DF53F}.Debug|Any CPU.ActiveCfg = Debug|Any CPU
		{5943DC50-6F87-4D68-BE39-072DCE2DF53F}.Debug|Any CPU.Build.0 = Debug|Any CPU
		{5943DC50-6F87-4D68-BE39-072DCE2DF53F}.Release|Any CPU.ActiveCfg = Release|Any CPU
		{5943DC50-6F87-4D68-BE39-072DCE2DF53F}.Release|Any CPU.Build.0 = Release|Any CPU
		{BF8385C1-A22E-4D1F-9BA6-5F5A5558AC06}.Debug|Any CPU.ActiveCfg = Debug|Any CPU
		{BF8385C1-A22E-4D1F-9BA6-5F5A5558AC06}.Debug|Any CPU.Build.0 = Debug|Any CPU
		{BF8385C1-A22E-4D1F-9BA6-5F5A5558AC06}.Release|Any CPU.ActiveCfg = Release|Any CPU
		{BF8385C1-A22E-4D1F-9BA6-5F5A5558AC06}.Release|Any CPU.Build.0 = Release|Any CPU
		{38E1B2D2-0447-4F1B-B9E1-3E576DA29E15}.Debug|Any CPU.ActiveCfg = Debug|Any CPU
		{38E1B2D2-0447-4F1B-B9E1-3E576DA29E15}.Debug|Any CPU.Build.0 = Debug|Any CPU
		{38E1B2D2-0447-4F1B-B9E1-3E576DA29E15}.Release|Any CPU.ActiveCfg = Release|Any CPU
		{38E1B2D2-0447-4F1B-B9E1-3E576DA29E15}.Release|Any CPU.Build.0 = Release|Any CPU
		{750A1C63-4D83-445F-84C9-FEC3ED494F65}.Debug|Any CPU.ActiveCfg = Debug|Any CPU
		{750A1C63-4D83-445F-84C9-FEC3ED494F65}.Debug|Any CPU.Build.0 = Debug|Any CPU
		{750A1C63-4D83-445F-84C9-FEC3ED494F65}.Release|Any CPU.ActiveCfg = Release|Any CPU
		{750A1C63-4D83-445F-84C9-FEC3ED494F65}.Release|Any CPU.Build.0 = Release|Any CPU
		{5B42754A-4A92-48A9-9002-7DFFCE7F739A}.Debug|Any CPU.ActiveCfg = Debug|Any CPU
		{5B42754A-4A92-48A9-9002-7DFFCE7F739A}.Debug|Any CPU.Build.0 = Debug|Any CPU
		{5B42754A-4A92-48A9-9002-7DFFCE7F739A}.Release|Any CPU.ActiveCfg = Release|Any CPU
		{5B42754A-4A92-48A9-9002-7DFFCE7F739A}.Release|Any CPU.Build.0 = Release|Any CPU
		{AB24A60E-9D23-4FDD-8C26-E86048949CC4}.Debug|Any CPU.ActiveCfg = Debug|Any CPU
		{AB24A60E-9D23-4FDD-8C26-E86048949CC4}.Debug|Any CPU.Build.0 = Debug|Any CPU
		{AB24A60E-9D23-4FDD-8C26-E86048949CC4}.Release|Any CPU.ActiveCfg = Release|Any CPU
		{AB24A60E-9D23-4FDD-8C26-E86048949CC4}.Release|Any CPU.Build.0 = Release|Any CPU
		{8F0E2053-6EBB-4B4A-B6E9-114FA5FAC74E}.Debug|Any CPU.ActiveCfg = Debug|Any CPU
		{8F0E2053-6EBB-4B4A-B6E9-114FA5FAC74E}.Debug|Any CPU.Build.0 = Debug|Any CPU
		{8F0E2053-6EBB-4B4A-B6E9-114FA5FAC74E}.Release|Any CPU.ActiveCfg = Release|Any CPU
		{8F0E2053-6EBB-4B4A-B6E9-114FA5FAC74E}.Release|Any CPU.Build.0 = Release|Any CPU
		{03D5FB0B-B5C4-4954-A56C-D02BC2035B22}.Debug|Any CPU.ActiveCfg = Debug|Any CPU
		{03D5FB0B-B5C4-4954-A56C-D02BC2035B22}.Debug|Any CPU.Build.0 = Debug|Any CPU
		{03D5FB0B-B5C4-4954-A56C-D02BC2035B22}.Release|Any CPU.ActiveCfg = Release|Any CPU
		{03D5FB0B-B5C4-4954-A56C-D02BC2035B22}.Release|Any CPU.Build.0 = Release|Any CPU
		{3DBECEAD-6727-4403-8398-C630F1CBF6A8}.Debug|Any CPU.ActiveCfg = Debug|Any CPU
		{3DBECEAD-6727-4403-8398-C630F1CBF6A8}.Debug|Any CPU.Build.0 = Debug|Any CPU
		{3DBECEAD-6727-4403-8398-C630F1CBF6A8}.Release|Any CPU.ActiveCfg = Release|Any CPU
		{3DBECEAD-6727-4403-8398-C630F1CBF6A8}.Release|Any CPU.Build.0 = Release|Any CPU
		{4BAF6246-9DC5-4703-B8B0-EC851FBC0456}.Debug|Any CPU.ActiveCfg = Debug|Any CPU
		{4BAF6246-9DC5-4703-B8B0-EC851FBC0456}.Debug|Any CPU.Build.0 = Debug|Any CPU
		{4BAF6246-9DC5-4703-B8B0-EC851FBC0456}.Release|Any CPU.ActiveCfg = Release|Any CPU
		{4BAF6246-9DC5-4703-B8B0-EC851FBC0456}.Release|Any CPU.Build.0 = Release|Any CPU
		{BE1CE5B9-CC4E-4264-B881-F27FBE6F5139}.Debug|Any CPU.ActiveCfg = Debug|Any CPU
		{BE1CE5B9-CC4E-4264-B881-F27FBE6F5139}.Debug|Any CPU.Build.0 = Debug|Any CPU
		{BE1CE5B9-CC4E-4264-B881-F27FBE6F5139}.Release|Any CPU.ActiveCfg = Release|Any CPU
		{BE1CE5B9-CC4E-4264-B881-F27FBE6F5139}.Release|Any CPU.Build.0 = Release|Any CPU
		{BD1C113E-3C94-41F6-9BE9-949677DF8B23}.Debug|Any CPU.ActiveCfg = Debug|Any CPU
		{BD1C113E-3C94-41F6-9BE9-949677DF8B23}.Debug|Any CPU.Build.0 = Debug|Any CPU
		{BD1C113E-3C94-41F6-9BE9-949677DF8B23}.Release|Any CPU.ActiveCfg = Release|Any CPU
		{BD1C113E-3C94-41F6-9BE9-949677DF8B23}.Release|Any CPU.Build.0 = Release|Any CPU
		{3FA079C3-2D51-4FEB-836D-85254AB4D449}.Debug|Any CPU.ActiveCfg = Debug|Any CPU
		{3FA079C3-2D51-4FEB-836D-85254AB4D449}.Debug|Any CPU.Build.0 = Debug|Any CPU
		{3FA079C3-2D51-4FEB-836D-85254AB4D449}.Release|Any CPU.ActiveCfg = Release|Any CPU
		{3FA079C3-2D51-4FEB-836D-85254AB4D449}.Release|Any CPU.Build.0 = Release|Any CPU
		{A627EF9D-AB2C-4E70-9AA5-968380F21F42}.Debug|Any CPU.ActiveCfg = Debug|Any CPU
		{A627EF9D-AB2C-4E70-9AA5-968380F21F42}.Debug|Any CPU.Build.0 = Debug|Any CPU
		{A627EF9D-AB2C-4E70-9AA5-968380F21F42}.Release|Any CPU.ActiveCfg = Release|Any CPU
		{A627EF9D-AB2C-4E70-9AA5-968380F21F42}.Release|Any CPU.Build.0 = Release|Any CPU
		{9FFB46E8-A35A-4161-9845-CEAA215900AC}.Debug|Any CPU.ActiveCfg = Debug|Any CPU
		{9FFB46E8-A35A-4161-9845-CEAA215900AC}.Debug|Any CPU.Build.0 = Debug|Any CPU
		{9FFB46E8-A35A-4161-9845-CEAA215900AC}.Release|Any CPU.ActiveCfg = Release|Any CPU
		{9FFB46E8-A35A-4161-9845-CEAA215900AC}.Release|Any CPU.Build.0 = Release|Any CPU
		{0F1E1612-A7AE-43E0-8F67-A595D46291B0}.Debug|Any CPU.ActiveCfg = Debug|Any CPU
		{0F1E1612-A7AE-43E0-8F67-A595D46291B0}.Debug|Any CPU.Build.0 = Debug|Any CPU
		{0F1E1612-A7AE-43E0-8F67-A595D46291B0}.Release|Any CPU.ActiveCfg = Release|Any CPU
		{0F1E1612-A7AE-43E0-8F67-A595D46291B0}.Release|Any CPU.Build.0 = Release|Any CPU
		{1B23C293-9B5A-4170-8E07-9B324C4FBB4E}.Debug|Any CPU.ActiveCfg = Debug|Any CPU
		{1B23C293-9B5A-4170-8E07-9B324C4FBB4E}.Debug|Any CPU.Build.0 = Debug|Any CPU
		{1B23C293-9B5A-4170-8E07-9B324C4FBB4E}.Release|Any CPU.ActiveCfg = Release|Any CPU
		{1B23C293-9B5A-4170-8E07-9B324C4FBB4E}.Release|Any CPU.Build.0 = Release|Any CPU
		{A2F8CA95-6DC4-4200-8248-FF7150CD7495}.Debug|Any CPU.ActiveCfg = Debug|Any CPU
		{A2F8CA95-6DC4-4200-8248-FF7150CD7495}.Debug|Any CPU.Build.0 = Debug|Any CPU
		{A2F8CA95-6DC4-4200-8248-FF7150CD7495}.Release|Any CPU.ActiveCfg = Release|Any CPU
		{A2F8CA95-6DC4-4200-8248-FF7150CD7495}.Release|Any CPU.Build.0 = Release|Any CPU
		{830CFCED-E067-4AF1-A918-7FA48C5B6E9D}.Debug|Any CPU.ActiveCfg = Debug|Any CPU
		{830CFCED-E067-4AF1-A918-7FA48C5B6E9D}.Debug|Any CPU.Build.0 = Debug|Any CPU
		{830CFCED-E067-4AF1-A918-7FA48C5B6E9D}.Release|Any CPU.ActiveCfg = Release|Any CPU
		{830CFCED-E067-4AF1-A918-7FA48C5B6E9D}.Release|Any CPU.Build.0 = Release|Any CPU
	EndGlobalSection
	GlobalSection(SolutionProperties) = preSolution
		HideSolutionNode = FALSE
	EndGlobalSection
	GlobalSection(ExtensibilityGlobals) = postSolution
		SolutionGuid = {5B74D6AA-695F-4BB3-9609-51D28E65D8B0}
	EndGlobalSection
EndGlobal
